
Microsoft Visual Studio Solution File, Format Version 12.00
# Visual Studio 2013
VisualStudioVersion = 12.0.31101.0
MinimumVisualStudioVersion = 10.0.40219.1
Project("{FAE04EC0-301F-11D3-BF4B-00C04F79EFBC}") = "serializer", "serializer\serializer.csproj", "{918BD8D5-6E4A-41B9-8B89-069A0FF195D2}"
EndProject
Global
	GlobalSection(SolutionConfigurationPlatforms) = preSolution
		Debug|Any CPU = Debug|Any CPU
		Release|Any CPU = Release|Any CPU
	EndGlobalSection
	GlobalSection(ProjectConfigurationPlatforms) = postSolution
		{918BD8D5-6E4A-41B9-8B89-069A0FF195D2}.Debug|Any CPU.ActiveCfg = Debug|Any CPU
		{918BD8D5-6E4A-41B9-8B89-069A0FF195D2}.Debug|Any CPU.Build.0 = Debug|Any CPU
		{918BD8D5-6E4A-41B9-8B89-069A0FF195D2}.Release|Any CPU.ActiveCfg = Release|Any CPU
		{918BD8D5-6E4A-41B9-8B89-069A0FF195D2}.Release|Any CPU.Build.0 = Release|Any CPU
	EndGlobalSection
	GlobalSection(SolutionProperties) = preSolution
		HideSolutionNode = FALSE
	EndGlobalSection
EndGlobal
