
Microsoft Visual Studio Solution File, Format Version 12.00
# Visual Studio 2013
Project("{FAE04EC0-301F-11D3-BF4B-00C04F79EFBC}") = "UnityVS.serializerTest.CSharp", "UnityVS.serializerTest.CSharp.csproj", "{FFAB88CA-ADBF-3758-8F08-F5BA31BEE65B}"
EndProject
Global
	GlobalSection(SolutionConfigurationPlatforms) = preSolution
		Debug|Any CPU = Debug|Any CPU
		Release|Any CPU = Release|Any CPU
	EndGlobalSection
	GlobalSection(ProjectConfigurationPlatforms) = postSolution
		{FFAB88CA-ADBF-3758-8F08-F5BA31BEE65B}.Debug|Any CPU.ActiveCfg = Debug|Any CPU
		{FFAB88CA-ADBF-3758-8F08-F5BA31BEE65B}.Debug|Any CPU.Build.0 = Debug|Any CPU
		{FFAB88CA-ADBF-3758-8F08-F5BA31BEE65B}.Release|Any CPU.ActiveCfg = Release|Any CPU
		{FFAB88CA-ADBF-3758-8F08-F5BA31BEE65B}.Release|Any CPU.Build.0 = Release|Any CPU
	EndGlobalSection
	GlobalSection(SolutionProperties) = preSolution
		HideSolutionNode = FALSE
	EndGlobalSection
EndGlobal
